
Microsoft Visual Studio Solution File, Format Version 12.00
# Visual Studio Version 16
VisualStudioVersion = 16.0.30804.86
MinimumVisualStudioVersion = 10.0.40219.1
Project("{8BC9CEB8-8B4A-11D0-8D11-00A0C91BC942}") = "c++ input override", "c++ input override.vcxproj", "{26CCED0F-456C-4444-87EB-9211FA52263E}"
EndProject
Global
	GlobalSection(SolutionConfigurationPlatforms) = preSolution
		Debug|x64 = Debug|x64
		Debug|x86 = Debug|x86
		Release|x64 = Release|x64
		Release|x86 = Release|x86
	EndGlobalSection
	GlobalSection(ProjectConfigurationPlatforms) = postSolution
		{26CCED0F-456C-4444-87EB-9211FA52263E}.Debug|x64.ActiveCfg = Debug|x64
		{26CCED0F-456C-4444-87EB-9211FA52263E}.Debug|x64.Build.0 = Debug|x64
		{26CCED0F-456C-4444-87EB-9211FA52263E}.Debug|x86.ActiveCfg = Debug|Win32
		{26CCED0F-456C-4444-87EB-9211FA52263E}.Debug|x86.Build.0 = Debug|Win32
		{26CCED0F-456C-4444-87EB-9211FA52263E}.Release|x64.ActiveCfg = Release|x64
		{26CCED0F-456C-4444-87EB-9211FA52263E}.Release|x64.Build.0 = Release|x64
		{26CCED0F-456C-4444-87EB-9211FA52263E}.Release|x86.ActiveCfg = Release|Win32
		{26CCED0F-456C-4444-87EB-9211FA52263E}.Release|x86.Build.0 = Release|Win32
	EndGlobalSection
	GlobalSection(SolutionProperties) = preSolution
		HideSolutionNode = FALSE
	EndGlobalSection
	GlobalSection(ExtensibilityGlobals) = postSolution
		SolutionGuid = {616279FC-BBC8-4674-9603-B7430593D0A0}
	EndGlobalSection
EndGlobal
